{
  "lockfile_version": "1",
  "packages": {
    "actionlint@latest": {
      "last_modified": "2026-04-16T08:46:55Z",
      "resolved": "github:NixOS/nixpkgs/b86751bc4085f48661017fa226dee99fab6c651b#actionlint",
      "source": "devbox-search",
      "version": "1.7.12",
      "systems": {
        "aarch64-darwin": {
          "outputs": [
            {
              "name": "out",
              "path": "/nix/store/px6mca0wsmmhmbrvs6zppskx0q51hk37-actionlint-1.7.12",
              "default": true
            }
          ],
          "store_path": "/nix/store/px6mca0wsmmhmbrvs6zppskx0q51hk37-actionlint-1.7.12"
        },
        "aarch64-linux": {
          "outputs": [
            {
              "name": "out",
              "path": "/nix/store/1rqkzzp0nncr34b9d7wqi4867j9hq0b0-actionlint-1.7.12",
              "default": true
            }
          ],
          "store_path": "/nix/store/1rqkzzp0nncr34b9d7wqi4867j9hq0b0-actionlint-1.7.12"
        },
        "x86_64-darwin": {
          "outputs": [
            {
              "name": "out",
              "path": "/nix/store/mqikmmhdv7slnrpqzamfwf8awgbm230y-actionlint-1.7.12",
              "default": true
            }
          ],
          "store_path": "/nix/store/mqikmmhdv7slnrpqzamfwf8awgbm230y-actionlint-1.7.12"
        },
        "x86_64-linux": {
          "outputs": [
            {
              "name": "out",
              "path": "/nix/store/amlhdml9d7lg1l0mcp8bz2asvkh63x06-actionlint-1.7.12",
              "default": true
            }
          ],
          "store_path": "/nix/store/amlhdml9d7lg1l0mcp8bz2asvkh63x06-actionlint-1.7.12"
        }
      }
    },
    "bun@latest": {
      "last_modified": "2026-03-21T07:29:51Z",
      "resolved": "github:NixOS/nixpkgs/09061f748ee21f68a089cd5d91ec1859cd93d0be#bun",
      "source": "devbox-search",
      "version": "1.3.10",
      "systems": {
        "aarch64-darwin": {
          "outputs": [
            {
              "name": "out",
              "path": "/nix/store/547qzc7q2rq2acqk1srl9fybjf856nm0-bun-1.3.10",
              "default": true
            }
          ],
          "store_path": "/nix/store/547qzc7q2rq2acqk1srl9fybjf856nm0-bun-1.3.10"
        },
        "aarch64-linux": {
          "outputs": [
            {
              "name": "out",
              "path": "/nix/store/iq2q5hhl5w100lsbd3q6zi79prqmj99w-bun-1.3.10",
              "default": true
            }
          ],
          "store_path": "/nix/store/iq2q5hhl5w100lsbd3q6zi79prqmj99w-bun-1.3.10"
        },
        "x86_64-darwin": {
          "outputs": [
            {
              "name": "out",
              "path": "/nix/store/nxjxq2qra7jc31hjagnn4xhsighbdfkb-bun-1.3.10",
              "default": true
            }
          ],
          "store_path": "/nix/store/nxjxq2qra7jc31hjagnn4xhsighbdfkb-bun-1.3.10"
        },
        "x86_64-linux": {
          "outputs": [
            {
              "name": "out",
              "path": "/nix/store/k94dpfj7wvwaz7brgcrgax56s0sl5pki-bun-1.3.10",
              "default": true
            }
          ],
          "store_path": "/nix/store/k94dpfj7wvwaz7brgcrgax56s0sl5pki-bun-1.3.10"
        }
      }
    },
    "check-jsonschema@latest": {
      "last_modified": "2026-04-16T08:46:55Z",
      "resolved": "github:NixOS/nixpkgs/b86751bc4085f48661017fa226dee99fab6c651b#check-jsonschema",
      "source": "devbox-search",
      "version": "0.37.1",
      "systems": {
        "aarch64-darwin": {
          "outputs": [
            {
              "name": "out",
              "path": "/nix/store/581j4h5bfq08lyfzqrq4kwmkmp7zvy1h-check-jsonschema-0.37.1",
              "default": true
            },
            {
              "name": "dist",
              "path": "/nix/store/v8kj3m43qd1fs6j86313p7qkms75zpy2-check-jsonschema-0.37.1-dist"
            }
          ],
          "store_path": "/nix/store/581j4h5bfq08lyfzqrq4kwmkmp7zvy1h-check-jsonschema-0.37.1"
        },
        "aarch64-linux": {
          "outputs": [
            {
              "name": "out",
              "path": "/nix/store/fasq59nain9n8737jnd9paz8f1my6kw8-check-jsonschema-0.37.1",
              "default": true
            },
            {
              "name": "dist",
              "path": "/nix/store/ykv5x0201bmmm5qf2amd4bsgscji5zni-check-jsonschema-0.37.1-dist"
            }
          ],
          "store_path": "/nix/store/fasq59nain9n8737jnd9paz8f1my6kw8-check-jsonschema-0.37.1"
        },
        "x86_64-darwin": {
          "outputs": [
            {
              "name": "out",
              "path": "/nix/store/xm5nhdipyz1788wwgwp4r5filc1kwvf4-check-jsonschema-0.37.1",
              "default": true
            },
            {
              "name": "dist",
              "path": "/nix/store/zyp1952fh23hzqyll5352k8f1apdxwlq-check-jsonschema-0.37.1-dist"
            }
          ],
          "store_path": "/nix/store/xm5nhdipyz1788wwgwp4r5filc1kwvf4-check-jsonschema-0.37.1"
        },
        "x86_64-linux": {
          "outputs": [
            {
              "name": "out",
              "path": "/nix/store/fda0q5xzn7r60qb093h8qdvw6my59ka4-check-jsonschema-0.37.1",
              "default": true
            },
            {
              "name": "dist",
              "path": "/nix/store/l72kc4mvlvvqf24d8sq1z9ifzkkw7448-check-jsonschema-0.37.1-dist"
            }
          ],
          "store_path": "/nix/store/fda0q5xzn7r60qb093h8qdvw6my59ka4-check-jsonschema-0.37.1"
        }
      }
    },
    "eclint@latest": {
      "last_modified": "2026-03-21T07:29:51Z",
      "resolved": "github:NixOS/nixpkgs/09061f748ee21f68a089cd5d91ec1859cd93d0be#eclint",
      "source": "devbox-search",
      "version": "0.5.1",
      "systems": {
        "aarch64-darwin": {
          "outputs": [
            {
              "name": "out",
              "path": "/nix/store/c9isms6j6rqqc99af6gdp1ga75ii1gwp-eclint-0.5.1",
              "default": true
            }
          ],
          "store_path": "/nix/store/c9isms6j6rqqc99af6gdp1ga75ii1gwp-eclint-0.5.1"
        },
        "aarch64-linux": {
          "outputs": [
            {
              "name": "out",
              "path": "/nix/store/xkm8k4vsnpcavjkm09yjfwbcdbgcaln9-eclint-0.5.1",
              "default": true
            }
          ],
          "store_path": "/nix/store/xkm8k4vsnpcavjkm09yjfwbcdbgcaln9-eclint-0.5.1"
        },
        "x86_64-darwin": {
          "outputs": [
            {
              "name": "out",
              "path": "/nix/store/532r9dz27gag41fh6xqscks7gy7vbjdj-eclint-0.5.1",
              "default": true
            }
          ],
          "store_path": "/nix/store/532r9dz27gag41fh6xqscks7gy7vbjdj-eclint-0.5.1"
        },
        "x86_64-linux": {
          "outputs": [
            {
              "name": "out",
              "path": "/nix/store/zn91sfn811axx0va1250gfx6n5jzzw7m-eclint-0.5.1",
              "default": true
            }
          ],
          "store_path": "/nix/store/zn91sfn811axx0va1250gfx6n5jzzw7m-eclint-0.5.1"
        }
      }
    },
    "editorconfig-checker@latest": {
      "last_modified": "2025-05-16T20:19:48Z",
      "resolved": "github:NixOS/nixpkgs/12a55407652e04dcf2309436eb06fef0d3713ef3#editorconfig-checker",
      "source": "devbox-search",
      "version": "3.3.0",
      "systems": {
        "aarch64-darwin": {
          "outputs": [
            {
              "name": "out",
              "path": "/nix/store/vy2a8k50pg4yf0n33h4wkvdpb6a20xbi-editorconfig-checker-3.3.0",
              "default": true
            }
          ],
          "store_path": "/nix/store/vy2a8k50pg4yf0n33h4wkvdpb6a20xbi-editorconfig-checker-3.3.0"
        },
        "aarch64-linux": {
          "outputs": [
            {
              "name": "out",
              "path": "/nix/store/yy2l4whcyg21dc7lcllk0cddwiy36n2y-editorconfig-checker-3.3.0",
              "default": true
            }
          ],
          "store_path": "/nix/store/yy2l4whcyg21dc7lcllk0cddwiy36n2y-editorconfig-checker-3.3.0"
        },
        "x86_64-darwin": {
          "outputs": [
            {
              "name": "out",
              "path": "/nix/store/7j4mqpf0f735knpd2ndmsqvmijq5qb5c-editorconfig-checker-3.3.0",
              "default": true
            }
          ],
          "store_path": "/nix/store/7j4mqpf0f735knpd2ndmsqvmijq5qb5c-editorconfig-checker-3.3.0"
        },
        "x86_64-linux": {
          "outputs": [
            {
              "name": "out",
              "path": "/nix/store/2gs4hd86xw9gi922nb01vingkj5iqnfy-editorconfig-checker-3.3.0",
              "default": true
            }
          ],
          "store_path": "/nix/store/2gs4hd86xw9gi922nb01vingkj5iqnfy-editorconfig-checker-3.3.0"
        }
      }
    },
    "ghalint@latest": {
      "last_modified": "2026-04-16T08:46:55Z",
      "resolved": "github:NixOS/nixpkgs/b86751bc4085f48661017fa226dee99fab6c651b#ghalint",
      "source": "devbox-search",
      "version": "1.5.5",
      "systems": {
        "aarch64-darwin": {
          "outputs": [
            {
              "name": "out",
              "path": "/nix/store/c70xsjbl7kizvq39802q5053gv08a2qq-ghalint-1.5.5",
              "default": true
            }
          ],
          "store_path": "/nix/store/c70xsjbl7kizvq39802q5053gv08a2qq-ghalint-1.5.5"
        },
        "aarch64-linux": {
          "outputs": [
            {
              "name": "out",
              "path": "/nix/store/m6hj57125ny0nqb4zm6nazg1rah02bs7-ghalint-1.5.5",
              "default": true
            }
          ],
          "store_path": "/nix/store/m6hj57125ny0nqb4zm6nazg1rah02bs7-ghalint-1.5.5"
        },
        "x86_64-darwin": {
          "outputs": [
            {
              "name": "out",
              "path": "/nix/store/m7wmk5af3wajn1iza8mqbjkp8qn4069k-ghalint-1.5.5",
              "default": true
            }
          ],
          "store_path": "/nix/store/m7wmk5af3wajn1iza8mqbjkp8qn4069k-ghalint-1.5.5"
        },
        "x86_64-linux": {
          "outputs": [
            {
              "name": "out",
              "path": "/nix/store/drcgcrn1cf5w0ss4qf3qhqigwggkbz3y-ghalint-1.5.5",
              "default": true
            }
          ],
          "store_path": "/nix/store/drcgcrn1cf5w0ss4qf3qhqigwggkbz3y-ghalint-1.5.5"
        }
      }
    },
    "github:NixOS/nixpkgs/nixpkgs-unstable": {
      "last_modified": "2025-05-22T23:55:03Z",
      "resolved": "github:NixOS/nixpkgs/fe51d34885f7b5e3e7b59572796e1bcb427eccb1?lastModified=1747958103&narHash=sha256-qmmFCrfBwSHoWw7cVK4Aj%2Bfns%2Bc54EBP8cGqp%2FyK410%3D"
    },
    "lefthook@latest": {
      "last_modified": "2025-06-18T03:01:18Z",
      "resolved": "github:NixOS/nixpkgs/5395fb3ab3f97b9b7abca147249fa2e8ed27b192#lefthook",
      "source": "devbox-search",
      "version": "1.11.14",
      "systems": {
        "aarch64-darwin": {
          "outputs": [
            {
              "name": "out",
              "path": "/nix/store/mgmpjzmc6wvq6chknlygcck9cs181b0c-lefthook-1.11.14",
              "default": true
            }
          ],
          "store_path": "/nix/store/mgmpjzmc6wvq6chknlygcck9cs181b0c-lefthook-1.11.14"
        },
        "aarch64-linux": {
          "outputs": [
            {
              "name": "out",
              "path": "/nix/store/11vpyfw0yzrmcgyf658wrbm9z3kxxx47-lefthook-1.11.14",
              "default": true
            }
          ],
          "store_path": "/nix/store/11vpyfw0yzrmcgyf658wrbm9z3kxxx47-lefthook-1.11.14"
        },
        "x86_64-darwin": {
          "outputs": [
            {
              "name": "out",
              "path": "/nix/store/i3ahsfxck4vyv41xpxm6sjdnxy1w5b82-lefthook-1.11.14",
              "default": true
            }
          ],
          "store_path": "/nix/store/i3ahsfxck4vyv41xpxm6sjdnxy1w5b82-lefthook-1.11.14"
        },
        "x86_64-linux": {
          "outputs": [
            {
              "name": "out",
              "path": "/nix/store/43vj3ncn3yj2hbh9x73vgxgxkkvncfvv-lefthook-1.11.14",
              "default": true
            }
          ],
          "store_path": "/nix/store/43vj3ncn3yj2hbh9x73vgxgxkkvncfvv-lefthook-1.11.14"
        }
      }
    },
    "lychee@latest": {
      "last_modified": "2026-04-23T13:07:47Z",
      "resolved": "github:NixOS/nixpkgs/01fbdeef22b76df85ea168fbfe1bfd9e63681b30#lychee",
      "source": "devbox-search",
      "version": "0.23.0",
      "systems": {
        "aarch64-darwin": {
          "outputs": [
            {
              "name": "out",
              "path": "/nix/store/7qlgib6d86x9a43ym9f215jmnhvpsmid-lychee-0.23.0",
              "default": true
            }
          ],
          "store_path": "/nix/store/7qlgib6d86x9a43ym9f215jmnhvpsmid-lychee-0.23.0"
        },
        "aarch64-linux": {
          "outputs": [
            {
              "name": "out",
              "path": "/nix/store/jnx0ibmd6gg5rnh0zpmqnk4j2d8kibc4-lychee-0.23.0",
              "default": true
            }
          ],
          "store_path": "/nix/store/jnx0ibmd6gg5rnh0zpmqnk4j2d8kibc4-lychee-0.23.0"
        },
        "x86_64-darwin": {
          "outputs": [
            {
              "name": "out",
              "path": "/nix/store/lz873w8qcsf4s72llq7706z26c1jyplz-lychee-0.23.0",
              "default": true
            }
          ],
          "store_path": "/nix/store/lz873w8qcsf4s72llq7706z26c1jyplz-lychee-0.23.0"
        },
        "x86_64-linux": {
          "outputs": [
            {
              "name": "out",
              "path": "/nix/store/jpnrp5n1q9x80sp1pqr0w96fr458jcli-lychee-0.23.0",
              "default": true
            }
          ],
          "store_path": "/nix/store/jpnrp5n1q9x80sp1pqr0w96fr458jcli-lychee-0.23.0"
        }
      }
    },
    "typos@latest": {
      "last_modified": "2025-06-10T12:31:18Z",
      "resolved": "github:NixOS/nixpkgs/a12f3a99614894502e73eb816e9e076b0ab05730#typos",
      "source": "devbox-search",
      "version": "1.33.1",
      "systems": {
        "aarch64-darwin": {
          "outputs": [
            {
              "name": "out",
              "path": "/nix/store/50xrsjhqkvax5chml2xg4hqdbmi0lmn5-typos-1.33.1",
              "default": true
            }
          ],
          "store_path": "/nix/store/50xrsjhqkvax5chml2xg4hqdbmi0lmn5-typos-1.33.1"
        },
        "aarch64-linux": {
          "outputs": [
            {
              "name": "out",
              "path": "/nix/store/xsapf6j37bm1miqhnc29vfqbyjzyrdjm-typos-1.33.1",
              "default": true
            }
          ],
          "store_path": "/nix/store/xsapf6j37bm1miqhnc29vfqbyjzyrdjm-typos-1.33.1"
        },
        "x86_64-darwin": {
          "outputs": [
            {
              "name": "out",
              "path": "/nix/store/vs7dajpyhv7ra8wwy7ii73vpavbmgqv2-typos-1.33.1",
              "default": true
            }
          ],
          "store_path": "/nix/store/vs7dajpyhv7ra8wwy7ii73vpavbmgqv2-typos-1.33.1"
        },
        "x86_64-linux": {
          "outputs": [
            {
              "name": "out",
              "path": "/nix/store/m2h43cxhfdiw8bk8if1jaf5r63i2ss1w-typos-1.33.1",
              "default": true
            }
          ],
          "store_path": "/nix/store/m2h43cxhfdiw8bk8if1jaf5r63i2ss1w-typos-1.33.1"
        }
      }
    },
    "yamllint@latest": {
      "last_modified": "2026-03-21T07:29:51Z",
      "resolved": "github:NixOS/nixpkgs/09061f748ee21f68a089cd5d91ec1859cd93d0be#yamllint",
      "source": "devbox-search",
      "version": "1.37.1",
      "systems": {
        "aarch64-darwin": {
          "outputs": [
            {
              "name": "out",
              "path": "/nix/store/wp52lk8jljswszlkgamkqi0r9aing6b2-python3.13-yamllint-1.37.1",
              "default": true
            },
            {
              "name": "dist",
              "path": "/nix/store/n4cgdjhziayaa6f8inbsnxfn7m7dj6av-python3.13-yamllint-1.37.1-dist"
            }
          ],
          "store_path": "/nix/store/wp52lk8jljswszlkgamkqi0r9aing6b2-python3.13-yamllint-1.37.1"
        },
        "aarch64-linux": {
          "outputs": [
            {
              "name": "out",
              "path": "/nix/store/cnb4bg2ffkd8ph7a1gg0is0ir97axgrw-python3.13-yamllint-1.37.1",
              "default": true
            },
            {
              "name": "dist",
              "path": "/nix/store/r7x7nzr9f9qqrvjlh2zn1lhfsj5zl53p-python3.13-yamllint-1.37.1-dist"
            }
          ],
          "store_path": "/nix/store/cnb4bg2ffkd8ph7a1gg0is0ir97axgrw-python3.13-yamllint-1.37.1"
        },
        "x86_64-darwin": {
          "outputs": [
            {
              "name": "out",
              "path": "/nix/store/c44w7ql63rpll8gpm3zilfyk66ga05jj-python3.13-yamllint-1.37.1",
              "default": true
            },
            {
              "name": "dist",
              "path": "/nix/store/srq9fv2527yl60z1jlw5ar4hp0lidl1d-python3.13-yamllint-1.37.1-dist"
            }
          ],
          "store_path": "/nix/store/c44w7ql63rpll8gpm3zilfyk66ga05jj-python3.13-yamllint-1.37.1"
        },
        "x86_64-linux": {
          "outputs": [
            {
              "name": "out",
              "path": "/nix/store/rj9x2a2kw9dgvx3ilby4pam411k5qhdd-python3.13-yamllint-1.37.1",
              "default": true
            },
            {
              "name": "dist",
              "path": "/nix/store/94j466r33whxs830rfd65p1qk86c2hg1-python3.13-yamllint-1.37.1-dist"
            }
          ],
          "store_path": "/nix/store/rj9x2a2kw9dgvx3ilby4pam411k5qhdd-python3.13-yamllint-1.37.1"
        }
      }
    },
    "zizmor@latest": {
      "last_modified": "2026-04-23T13:07:47Z",
      "resolved": "github:NixOS/nixpkgs/01fbdeef22b76df85ea168fbfe1bfd9e63681b30#zizmor",
      "source": "devbox-search",
      "version": "1.24.1",
      "systems": {
        "aarch64-darwin": {
          "outputs": [
            {
              "name": "out",
              "path": "/nix/store/ngwfnp1mry27s9fjjg1pyawpvww8miyb-zizmor-1.24.1",
              "default": true
            }
          ],
          "store_path": "/nix/store/ngwfnp1mry27s9fjjg1pyawpvww8miyb-zizmor-1.24.1"
        },
        "aarch64-linux": {
          "outputs": [
            {
              "name": "out",
              "path": "/nix/store/n0f951hqln1fvf5xwrfaidf6dsg1arj0-zizmor-1.24.1",
              "default": true
            }
          ],
          "store_path": "/nix/store/n0f951hqln1fvf5xwrfaidf6dsg1arj0-zizmor-1.24.1"
        },
        "x86_64-darwin": {
          "outputs": [
            {
              "name": "out",
              "path": "/nix/store/vipiy9ka6gls6fznspm31rz6mnmy97w6-zizmor-1.24.1",
              "default": true
            }
          ],
          "store_path": "/nix/store/vipiy9ka6gls6fznspm31rz6mnmy97w6-zizmor-1.24.1"
        },
        "x86_64-linux": {
          "outputs": [
            {
              "name": "out",
              "path": "/nix/store/sn8jcdgjww0lnji079sf3hsrg902rjdd-zizmor-1.24.1",
              "default": true
            }
          ],
          "store_path": "/nix/store/sn8jcdgjww0lnji079sf3hsrg902rjdd-zizmor-1.24.1"
        }
      }
    }
  }
}
